
Microsoft Visual Studio Solution File, Format Version 12.00
# Visual Studio Version 17
VisualStudioVersion = 17.3.32811.315
MinimumVisualStudioVersion = 10.0.40219.1
Project("{9A19103F-16F7-4668-BE54-9A1E7A4F7556}") = "SpaceCart", "SpaceCart/SpaceCart.csproj", "{60577075-24A8-4C31-BBFB-D59B6DB55B1A}"
EndProject
Global
	GlobalSection(SolutionConfigurationPlatforms) = preSolution
		Debug|Any CPU = Debug|Any CPU
		Release|Any CPU = Release|Any CPU
	EndGlobalSection
	GlobalSection(ProjectConfigurationPlatforms) = postSolution
		{60577075-24A8-4C31-BBFB-D59B6DB55B1A}.Debug|Any CPU.ActiveCfg = Debug|Any CPU
		{60577075-24A8-4C31-BBFB-D59B6DB55B1A}.Debug|Any CPU.Build.0 = Debug|Any CPU
		{60577075-24A8-4C31-BBFB-D59B6DB55B1A}.Release|Any CPU.ActiveCfg = Release|Any CPU
		{60577075-24A8-4C31-BBFB-D59B6DB55B1A}.Release|Any CPU.Build.0 = Release|Any CPU
	EndGlobalSection
	GlobalSection(SolutionProperties) = preSolution
		HideSolutionNode = FALSE
	EndGlobalSection
	GlobalSection(ExtensibilityGlobals) = postSolution
		SolutionGuid = {5FC8383B-D44A-4180-944C-A2A3A9469F7F}
	EndGlobalSection
EndGlobal
